{
  "requires": true,
  "lockfileVersion": 1,
  "dependencies": {
    "jsencrypt": {
      "version": "3.0.0-rc.1",
      "resolved": "https://registry.npm.taobao.org/jsencrypt/download/jsencrypt-3.0.0-rc.1.tgz",
      "integrity": "sha1-DgpHRLpDzFV/tc9i/oZGvOtWGxw="
    },
    "uni-simple-router": {
      "version": "1.3.7",
      "resolved": "https://registry.npm.taobao.org/uni-simple-router/download/uni-simple-router-1.3.7.tgz",
      "integrity": "sha1-Coa7M//9GYB1/8DnLLtZ1eITbr4="
    }
  }
}
